{"is_source_file": false, "format": "", "description": "", "external_files": [], "external_methods": [], "published": [], "classes": [], "methods": [], "calls": [], "search-terms": [], "state": 2, "file_id": 1, "knowledge_revision": 14, "git_revision": "a53a8a7f131a73b14fd595be29b59cd7c94562fb", "hash": "9c4ed7ef73e22b872b8055bec08b8979", "format-version": 4, "code-base-name": "default", "filename": "quicknote_organizer/post_process_status.lock", "revision_history": [{"14": "a53a8a7f131a73b14fd595be29b59cd7c94562fb"}]}